
Microsoft Visual Studio Solution File, Format Version 12.00
# Visual Studio Version 17
VisualStudioVersion = 17.0.32126.317
MinimumVisualStudioVersion = 10.0.40219.1
Project("{FAE04EC0-301F-11D3-BF4B-00C04F79EFBC}") = "homework2", "homework2\homework2.csproj", "{773A879C-C27E-4645-8593-D7DD4171E744}"
EndProject
Global
	GlobalSection(SolutionConfigurationPlatforms) = preSolution
		Debug|Any CPU = Debug|Any CPU
		Release|Any CPU = Release|Any CPU
	EndGlobalSection
	GlobalSection(ProjectConfigurationPlatforms) = postSolution
		{773A879C-C27E-4645-8593-D7DD4171E744}.Debug|Any CPU.ActiveCfg = Debug|Any CPU
		{773A879C-C27E-4645-8593-D7DD4171E744}.Debug|Any CPU.Build.0 = Debug|Any CPU
		{773A879C-C27E-4645-8593-D7DD4171E744}.Release|Any CPU.ActiveCfg = Release|Any CPU
		{773A879C-C27E-4645-8593-D7DD4171E744}.Release|Any CPU.Build.0 = Release|Any CPU
	EndGlobalSection
	GlobalSection(SolutionProperties) = preSolution
		HideSolutionNode = FALSE
	EndGlobalSection
	GlobalSection(ExtensibilityGlobals) = postSolution
		SolutionGuid = {ECC4BD05-A95B-4EE7-BD1A-59D67ED2DE33}
	EndGlobalSection
EndGlobal
