
Microsoft Visual Studio Solution File, Format Version 12.00
# Visual Studio Version 16
VisualStudioVersion = 16.0.31005.135
MinimumVisualStudioVersion = 10.0.40219.1
Project("{9A19103F-16F7-4668-BE54-9A1E7A4F7556}") = "TaxCalculator", "TaxCalculator\TaxCalculator.csproj", "{8674B594-1796-4BC2-91BC-9BD405361ACD}"
EndProject
Project("{FAE04EC0-301F-11D3-BF4B-00C04F79EFBC}") = "TaxCalculator.Test", "TaxCalculator.Test\TaxCalculator.Test.csproj", "{9AF05824-7740-42A8-9194-68CE7E0733EE}"
EndProject
Global
	GlobalSection(SolutionConfigurationPlatforms) = preSolution
		Debug|Any CPU = Debug|Any CPU
		Release|Any CPU = Release|Any CPU
	EndGlobalSection
	GlobalSection(ProjectConfigurationPlatforms) = postSolution
		{8674B594-1796-4BC2-91BC-9BD405361ACD}.Debug|Any CPU.ActiveCfg = Debug|Any CPU
		{8674B594-1796-4BC2-91BC-9BD405361ACD}.Debug|Any CPU.Build.0 = Debug|Any CPU
		{8674B594-1796-4BC2-91BC-9BD405361ACD}.Release|Any CPU.ActiveCfg = Release|Any CPU
		{8674B594-1796-4BC2-91BC-9BD405361ACD}.Release|Any CPU.Build.0 = Release|Any CPU
		{9AF05824-7740-42A8-9194-68CE7E0733EE}.Debug|Any CPU.ActiveCfg = Debug|Any CPU
		{9AF05824-7740-42A8-9194-68CE7E0733EE}.Debug|Any CPU.Build.0 = Debug|Any CPU
		{9AF05824-7740-42A8-9194-68CE7E0733EE}.Release|Any CPU.ActiveCfg = Release|Any CPU
		{9AF05824-7740-42A8-9194-68CE7E0733EE}.Release|Any CPU.Build.0 = Release|Any CPU
	EndGlobalSection
	GlobalSection(SolutionProperties) = preSolution
		HideSolutionNode = FALSE
	EndGlobalSection
	GlobalSection(ExtensibilityGlobals) = postSolution
		SolutionGuid = {2443EB7B-F5FB-4833-8991-90A249892A2D}
	EndGlobalSection
EndGlobal
