
Microsoft Visual Studio Solution File, Format Version 12.00
# Visual Studio Version 16
VisualStudioVersion = 16.0.30717.126
MinimumVisualStudioVersion = 10.0.40219.1
Project("{FAE04EC0-301F-11D3-BF4B-00C04F79EFBC}") = "SortEvenNumbers_solution", "SortEvenNumbers_solution\SortEvenNumbers_solution.csproj", "{B240E32D-E93C-4197-9AE0-866D8B89DFAC}"
EndProject
Project("{FAE04EC0-301F-11D3-BF4B-00C04F79EFBC}") = "SumNumbers_solution", "SumNumbers_solution\SumNumbers_solution.csproj", "{DC7D52CE-6E8E-4599-9023-A077BBC29A74}"
EndProject
Project("{FAE04EC0-301F-11D3-BF4B-00C04F79EFBC}") = "CountUpperCase_solution", "CountUpperCase_solution\CountUpperCase_solution.csproj", "{58C0C22E-007E-4B2E-A0CC-2D2675482D79}"
EndProject
Project("{FAE04EC0-301F-11D3-BF4B-00C04F79EFBC}") = "VAT_solution", "VAT_solution\VAT_solution.csproj", "{C81CF247-9ACA-4C86-9182-E069295F6224}"
EndProject
Global
	GlobalSection(SolutionConfigurationPlatforms) = preSolution
		Debug|Any CPU = Debug|Any CPU
		Release|Any CPU = Release|Any CPU
	EndGlobalSection
	GlobalSection(ProjectConfigurationPlatforms) = postSolution
		{B240E32D-E93C-4197-9AE0-866D8B89DFAC}.Debug|Any CPU.ActiveCfg = Debug|Any CPU
		{B240E32D-E93C-4197-9AE0-866D8B89DFAC}.Debug|Any CPU.Build.0 = Debug|Any CPU
		{B240E32D-E93C-4197-9AE0-866D8B89DFAC}.Release|Any CPU.ActiveCfg = Release|Any CPU
		{B240E32D-E93C-4197-9AE0-866D8B89DFAC}.Release|Any CPU.Build.0 = Release|Any CPU
		{DC7D52CE-6E8E-4599-9023-A077BBC29A74}.Debug|Any CPU.ActiveCfg = Debug|Any CPU
		{DC7D52CE-6E8E-4599-9023-A077BBC29A74}.Debug|Any CPU.Build.0 = Debug|Any CPU
		{DC7D52CE-6E8E-4599-9023-A077BBC29A74}.Release|Any CPU.ActiveCfg = Release|Any CPU
		{DC7D52CE-6E8E-4599-9023-A077BBC29A74}.Release|Any CPU.Build.0 = Release|Any CPU
		{58C0C22E-007E-4B2E-A0CC-2D2675482D79}.Debug|Any CPU.ActiveCfg = Debug|Any CPU
		{58C0C22E-007E-4B2E-A0CC-2D2675482D79}.Debug|Any CPU.Build.0 = Debug|Any CPU
		{58C0C22E-007E-4B2E-A0CC-2D2675482D79}.Release|Any CPU.ActiveCfg = Release|Any CPU
		{58C0C22E-007E-4B2E-A0CC-2D2675482D79}.Release|Any CPU.Build.0 = Release|Any CPU
		{C81CF247-9ACA-4C86-9182-E069295F6224}.Debug|Any CPU.ActiveCfg = Debug|Any CPU
		{C81CF247-9ACA-4C86-9182-E069295F6224}.Debug|Any CPU.Build.0 = Debug|Any CPU
		{C81CF247-9ACA-4C86-9182-E069295F6224}.Release|Any CPU.ActiveCfg = Release|Any CPU
		{C81CF247-9ACA-4C86-9182-E069295F6224}.Release|Any CPU.Build.0 = Release|Any CPU
	EndGlobalSection
	GlobalSection(SolutionProperties) = preSolution
		HideSolutionNode = FALSE
	EndGlobalSection
	GlobalSection(ExtensibilityGlobals) = postSolution
		SolutionGuid = {7DAD26C7-DEE4-4B20-A433-E2F8077CDE0B}
	EndGlobalSection
EndGlobal
