
Microsoft Visual Studio Solution File, Format Version 12.00
# Visual Studio Version 16
VisualStudioVersion = 16.0.30717.126
MinimumVisualStudioVersion = 10.0.40219.1
Project("{FAE04EC0-301F-11D3-BF4B-00C04F79EFBC}") = "DiagonalDifference_solution", "DiagonalDifference_solution\DiagonalDifference_solution.csproj", "{70611C14-8433-4C8C-B69D-9FC4F2CF2084}"
EndProject
Project("{FAE04EC0-301F-11D3-BF4B-00C04F79EFBC}") = "SquareMatrix_solution", "SquareMatrix_solution\SquareMatrix_solution.csproj", "{8D6BA5CD-F750-48EF-95C0-954F55483821}"
EndProject
Project("{FAE04EC0-301F-11D3-BF4B-00C04F79EFBC}") = "MaximalSum_solution", "MaximalSum_solution\MaximalSum_solution.csproj", "{0358D483-FFAB-402A-A343-B1C08B19446D}"
EndProject
Global
	GlobalSection(SolutionConfigurationPlatforms) = preSolution
		Debug|Any CPU = Debug|Any CPU
		Release|Any CPU = Release|Any CPU
	EndGlobalSection
	GlobalSection(ProjectConfigurationPlatforms) = postSolution
		{70611C14-8433-4C8C-B69D-9FC4F2CF2084}.Debug|Any CPU.ActiveCfg = Debug|Any CPU
		{70611C14-8433-4C8C-B69D-9FC4F2CF2084}.Debug|Any CPU.Build.0 = Debug|Any CPU
		{70611C14-8433-4C8C-B69D-9FC4F2CF2084}.Release|Any CPU.ActiveCfg = Release|Any CPU
		{70611C14-8433-4C8C-B69D-9FC4F2CF2084}.Release|Any CPU.Build.0 = Release|Any CPU
		{8D6BA5CD-F750-48EF-95C0-954F55483821}.Debug|Any CPU.ActiveCfg = Debug|Any CPU
		{8D6BA5CD-F750-48EF-95C0-954F55483821}.Debug|Any CPU.Build.0 = Debug|Any CPU
		{8D6BA5CD-F750-48EF-95C0-954F55483821}.Release|Any CPU.ActiveCfg = Release|Any CPU
		{8D6BA5CD-F750-48EF-95C0-954F55483821}.Release|Any CPU.Build.0 = Release|Any CPU
		{0358D483-FFAB-402A-A343-B1C08B19446D}.Debug|Any CPU.ActiveCfg = Debug|Any CPU
		{0358D483-FFAB-402A-A343-B1C08B19446D}.Debug|Any CPU.Build.0 = Debug|Any CPU
		{0358D483-FFAB-402A-A343-B1C08B19446D}.Release|Any CPU.ActiveCfg = Release|Any CPU
		{0358D483-FFAB-402A-A343-B1C08B19446D}.Release|Any CPU.Build.0 = Release|Any CPU
	EndGlobalSection
	GlobalSection(SolutionProperties) = preSolution
		HideSolutionNode = FALSE
	EndGlobalSection
	GlobalSection(ExtensibilityGlobals) = postSolution
		SolutionGuid = {33A4B70D-D77E-4465-B883-1873000E95BC}
	EndGlobalSection
EndGlobal
